
Microsoft Visual Studio Solution File, Format Version 12.00
# Visual Studio Version 16
VisualStudioVersion = 16.0.29418.71
MinimumVisualStudioVersion = 10.0.40219.1
Project("{FAE04EC0-301F-11D3-BF4B-00C04F79EFBC}") = "Open-Lab-04.11", "Open-Lab-04.11.csproj", "{BF6B83DC-A994-4459-B889-2EAC93D5CAA7}"
EndProject
Global
	GlobalSection(SolutionConfigurationPlatforms) = preSolution
		Debug|Any CPU = Debug|Any CPU
		Release|Any CPU = Release|Any CPU
	EndGlobalSection
	GlobalSection(ProjectConfigurationPlatforms) = postSolution
		{BF6B83DC-A994-4459-B889-2EAC93D5CAA7}.Debug|Any CPU.ActiveCfg = Debug|Any CPU
		{BF6B83DC-A994-4459-B889-2EAC93D5CAA7}.Debug|Any CPU.Build.0 = Debug|Any CPU
		{BF6B83DC-A994-4459-B889-2EAC93D5CAA7}.Release|Any CPU.ActiveCfg = Release|Any CPU
		{BF6B83DC-A994-4459-B889-2EAC93D5CAA7}.Release|Any CPU.Build.0 = Release|Any CPU
	EndGlobalSection
	GlobalSection(SolutionProperties) = preSolution
		HideSolutionNode = FALSE
	EndGlobalSection
	GlobalSection(ExtensibilityGlobals) = postSolution
		SolutionGuid = {0E64B9A5-292C-4DFC-A5B1-81742A028F35}
	EndGlobalSection
EndGlobal
